
Microsoft Visual Studio Solution File, Format Version 12.00
# Visual Studio Version 17
VisualStudioVersion = 17.3.32929.385
MinimumVisualStudioVersion = 10.0.40219.1
Project("{FAE04EC0-301F-11D3-BF4B-00C04F79EFBC}") = "EmployeeWageDemo", "EmployeeWageDemo\EmployeeWageDemo.csproj", "{DCC112F4-14E6-4FB2-BB7F-3A370DEE57E8}"
EndProject
Global
	GlobalSection(SolutionConfigurationPlatforms) = preSolution
		Debug|Any CPU = Debug|Any CPU
		Release|Any CPU = Release|Any CPU
	EndGlobalSection
	GlobalSection(ProjectConfigurationPlatforms) = postSolution
		{DCC112F4-14E6-4FB2-BB7F-3A370DEE57E8}.Debug|Any CPU.ActiveCfg = Debug|Any CPU
		{DCC112F4-14E6-4FB2-BB7F-3A370DEE57E8}.Debug|Any CPU.Build.0 = Debug|Any CPU
		{DCC112F4-14E6-4FB2-BB7F-3A370DEE57E8}.Release|Any CPU.ActiveCfg = Release|Any CPU
		{DCC112F4-14E6-4FB2-BB7F-3A370DEE57E8}.Release|Any CPU.Build.0 = Release|Any CPU
	EndGlobalSection
	GlobalSection(SolutionProperties) = preSolution
		HideSolutionNode = FALSE
	EndGlobalSection
	GlobalSection(ExtensibilityGlobals) = postSolution
		SolutionGuid = {B280B511-2B27-4AC8-860B-99B7543C20A3}
	EndGlobalSection
EndGlobal
